
Microsoft Visual Studio Solution File, Format Version 12.00
Project("{FAE04EC0-301F-11D3-BF4B-00C04F79EFBC}") = "HorseCalenderv2", "HorseCalenderv2\HorseCalenderv2.csproj", "{3FDFA418-1B40-44F0-A227-FA5CF4D3D53B}"
EndProject
Global
	GlobalSection(SolutionConfigurationPlatforms) = preSolution
		Debug|Any CPU = Debug|Any CPU
		Release|Any CPU = Release|Any CPU
	EndGlobalSection
	GlobalSection(ProjectConfigurationPlatforms) = postSolution
		{3FDFA418-1B40-44F0-A227-FA5CF4D3D53B}.Debug|Any CPU.ActiveCfg = Debug|Any CPU
		{3FDFA418-1B40-44F0-A227-FA5CF4D3D53B}.Debug|Any CPU.Build.0 = Debug|Any CPU
		{3FDFA418-1B40-44F0-A227-FA5CF4D3D53B}.Release|Any CPU.ActiveCfg = Release|Any CPU
		{3FDFA418-1B40-44F0-A227-FA5CF4D3D53B}.Release|Any CPU.Build.0 = Release|Any CPU
		{3FDFA418-1B40-44F0-A227-FA5CF4D3D53B}.Release|Any CPU.Deploy.0 = Release|Any CPU
	EndGlobalSection
EndGlobal
